
Microsoft Visual Studio Solution File, Format Version 12.00
# Visual Studio Version 17
VisualStudioVersion = 17.7.34221.43
MinimumVisualStudioVersion = 10.0.40219.1
Project("{FAE04EC0-301F-11D3-BF4B-00C04F79EFBC}") = "LR_1", "LR_1\LR_1.csproj", "{EAE5388C-11CE-4502-AC96-09C0BA7DF49C}"
EndProject
Global
	GlobalSection(SolutionConfigurationPlatforms) = preSolution
		Debug|Any CPU = Debug|Any CPU
		Release|Any CPU = Release|Any CPU
	EndGlobalSection
	GlobalSection(ProjectConfigurationPlatforms) = postSolution
		{EAE5388C-11CE-4502-AC96-09C0BA7DF49C}.Debug|Any CPU.ActiveCfg = Debug|Any CPU
		{EAE5388C-11CE-4502-AC96-09C0BA7DF49C}.Debug|Any CPU.Build.0 = Debug|Any CPU
		{EAE5388C-11CE-4502-AC96-09C0BA7DF49C}.Release|Any CPU.ActiveCfg = Release|Any CPU
		{EAE5388C-11CE-4502-AC96-09C0BA7DF49C}.Release|Any CPU.Build.0 = Release|Any CPU
	EndGlobalSection
	GlobalSection(SolutionProperties) = preSolution
		HideSolutionNode = FALSE
	EndGlobalSection
	GlobalSection(ExtensibilityGlobals) = postSolution
		SolutionGuid = {19E75FBF-083E-4E7B-B8E1-4853700CFA52}
	EndGlobalSection
EndGlobal
